
Microsoft Visual Studio Solution File, Format Version 12.00
# Visual Studio Version 16
VisualStudioVersion = 16.0.808.0
MinimumVisualStudioVersion = 10.0.40219.1
Project("{FAE04EC0-301F-11D3-BF4B-00C04F79EFBC}") = "CosmosDBRestApi", "CosmosDBRestApi\CosmosDBRestApi.csproj", "{29166B6D-D61D-4F83-8494-B8F17DF3DBDA}"
EndProject
Global
	GlobalSection(SolutionConfigurationPlatforms) = preSolution
		Debug|Any CPU = Debug|Any CPU
		Release|Any CPU = Release|Any CPU
	EndGlobalSection
	GlobalSection(ProjectConfigurationPlatforms) = postSolution
		{29166B6D-D61D-4F83-8494-B8F17DF3DBDA}.Debug|Any CPU.ActiveCfg = Debug|Any CPU
		{29166B6D-D61D-4F83-8494-B8F17DF3DBDA}.Debug|Any CPU.Build.0 = Debug|Any CPU
		{29166B6D-D61D-4F83-8494-B8F17DF3DBDA}.Release|Any CPU.ActiveCfg = Release|Any CPU
		{29166B6D-D61D-4F83-8494-B8F17DF3DBDA}.Release|Any CPU.Build.0 = Release|Any CPU
	EndGlobalSection
	GlobalSection(SolutionProperties) = preSolution
		HideSolutionNode = FALSE
	EndGlobalSection
	GlobalSection(ExtensibilityGlobals) = postSolution
		SolutionGuid = {CCC36491-72BF-48A9-8D1D-8BC30D0A7AB9}
	EndGlobalSection
EndGlobal
